// !$*UTF8*$!
{
	archiveVersion = 1;
	classes = {
	};
	objectVersion = 46;
	objects = {

/* Begin PBXBuildFile section */
		35E260F01944248100B04DB1 /* Wwalczyszyn-Android-Style-Honeycomb-Calculator.ico in Resources */ = {isa = PBXBuildFile; fileRef = 35E260EF1944248100B04DB1 /* Wwalczyszyn-Android-Style-Honeycomb-Calculator.ico */; };
		35E260F2194424F200B04DB1 /* Sections-of-Website-About-icon.png in Resources */ = {isa = PBXBuildFile; fileRef = 35E260F1194424F200B04DB1 /* Sections-of-Website-About-icon.png */; };
		35E63FFC1943F95000576DDF /* Foundation.framework in Frameworks */ = {isa = PBXBuildFile; fileRef = 35E63FFB1943F95000576DDF /* Foundation.framework */; };
		35E63FFE1943F95000576DDF /* CoreGraphics.framework in Frameworks */ = {isa = PBXBuildFile; fileRef = 35E63FFD1943F95000576DDF /* CoreGraphics.framework */; };
		35E640001943F95000576DDF /* UIKit.framework in Frameworks */ = {isa = PBXBuildFile; fileRef = 35E63FFF1943F95000576DDF /* UIKit.framework */; };
		35E640061943F95000576DDF /* InfoPlist.strings in Resources */ = {isa = PBXBuildFile; fileRef = 35E640041943F95000576DDF /* InfoPlist.strings */; };
		35E640081943F95000576DDF /* main.m in Sources */ = {isa = PBXBuildFile; fileRef = 35E640071943F95000576DDF /* main.m */; };
		35E6400C1943F95000576DDF /* AppDelegate.m in Sources */ = {isa = PBXBuildFile; fileRef = 35E6400B1943F95000576DDF /* AppDelegate.m */; };
		35E6400F1943F95000576DDF /* Main.storyboard in Resources */ = {isa = PBXBuildFile; fileRef = 35E6400D1943F95000576DDF /* Main.storyboard */; };
		35E640121943F95000576DDF /* ViewController.m in Sources */ = {isa = PBXBuildFile; fileRef = 35E640111943F95000576DDF /* ViewController.m */; };
		35E640141943F95000576DDF /* Images.xcassets in Resources */ = {isa = PBXBuildFile; fileRef = 35E640131943F95000576DDF /* Images.xcassets */; };
		35E6401B1943F95100576DDF /* XCTest.framework in Frameworks */ = {isa = PBXBuildFile; fileRef = 35E6401A1943F95100576DDF /* XCTest.framework */; };
		35E6401C1943F95100576DDF /* Foundation.framework in Frameworks */ = {isa = PBXBuildFile; fileRef = 35E63FFB1943F95000576DDF /* Foundation.framework */; };
		35E6401D1943F95100576DDF /* UIKit.framework in Frameworks */ = {isa = PBXBuildFile; fileRef = 35E63FFF1943F95000576DDF /* UIKit.framework */; };
		35E640251943F95100576DDF /* InfoPlist.strings in Resources */ = {isa = PBXBuildFile; fileRef = 35E640231943F95100576DDF /* InfoPlist.strings */; };
		35E640271943F95100576DDF /* CalculatorTests.m in Sources */ = {isa = PBXBuildFile; fileRef = 35E640261943F95100576DDF /* CalculatorTests.m */; };
		35E6403219440F1E00576DDF /* MenuViewController.m in Sources */ = {isa = PBXBuildFile; fileRef = 35E6403119440F1E00576DDF /* MenuViewController.m */; };
/* End PBXBuildFile section */

/* Begin PBXContainerItemProxy section */
		35E6401E1943F95100576DDF /* PBXContainerItemProxy */ = {
			isa = PBXContainerItemProxy;
			containerPortal = 35E63FF01943F94F00576DDF /* Project object */;
			proxyType = 1;
			remoteGlobalIDString = 35E63FF71943F94F00576DDF;
			remoteInfo = Calculator;
		};
/* End PBXContainerItemProxy section */

/* Begin PBXFileReference section */
		35E260EF1944248100B04DB1 /* Wwalczyszyn-Android-Style-Honeycomb-Calculator.ico */ = {isa = PBXFileReference; lastKnownFileType = image.ico; name = "Wwalczyszyn-Android-Style-Honeycomb-Calculator.ico"; path = "../../Wwalczyszyn-Android-Style-Honeycomb-Calculator.ico"; sourceTree = "<group>"; };
		35E260F1194424F200B04DB1 /* Sections-of-Website-About-icon.png */ = {isa = PBXFileReference; lastKnownFileType = image.png; name = "Sections-of-Website-About-icon.png"; path = "../../Sections-of-Website-About-icon.png"; sourceTree = "<group>"; };
		35E63FF81943F95000576DDF /* Calculator.app */ = {isa = PBXFileReference; explicitFileType = wrapper.application; includeInIndex = 0; path = Calculator.app; sourceTree = BUILT_PRODUCTS_DIR; };
		35E63FFB1943F95000576DDF /* Foundation.framework */ = {isa = PBXFileReference; lastKnownFileType = wrapper.framework; name = Foundation.framework; path = System/Library/Frameworks/Foundation.framework; sourceTree = SDKROOT; };
		35E63FFD1943F95000576DDF /* CoreGraphics.framework */ = {isa = PBXFileReference; lastKnownFileType = wrapper.framework; name = CoreGraphics.framework; path = System/Library/Frameworks/CoreGraphics.framework; sourceTree = SDKROOT; };
		35E63FFF1943F95000576DDF /* UIKit.framework */ = {isa = PBXFileReference; lastKnownFileType = wrapper.framework; name = UIKit.framework; path = System/Library/Frameworks/UIKit.framework; sourceTree = SDKROOT; };
		35E640031943F95000576DDF /* Calculator-Info.plist */ = {isa = PBXFileReference; lastKnownFileType = text.plist.xml; path = "Calculator-Info.plist"; sourceTree = "<group>"; };
		35E640051943F95000576DDF /* en */ = {isa = PBXFileReference; lastKnownFileType = text.plist.strings; name = en; path = en.lproj/InfoPlist.strings; sourceTree = "<group>"; };
		35E640071943F95000576DDF /* main.m */ = {isa = PBXFileReference; lastKnownFileType = sourcecode.c.objc; path = main.m; sourceTree = "<group>"; };
		35E640091943F95000576DDF /* Calculator-Prefix.pch */ = {isa = PBXFileReference; lastKnownFileType = sourcecode.c.h; path = "Calculator-Prefix.pch"; sourceTree = "<group>"; };
		35E6400A1943F95000576DDF /* AppDelegate.h */ = {isa = PBXFileReference; lastKnownFileType = sourcecode.c.h; path = AppDelegate.h; sourceTree = "<group>"; };
		35E6400B1943F95000576DDF /* AppDelegate.m */ = {isa = PBXFileReference; lastKnownFileType = sourcecode.c.objc; path = AppDelegate.m; sourceTree = "<group>"; };
		35E6400E1943F95000576DDF /* Base */ = {isa = PBXFileReference; lastKnownFileType = file.storyboard; name = Base; path = Base.lproj/Main.storyboard; sourceTree = "<group>"; };
		35E640101943F95000576DDF /* ViewController.h */ = {isa = PBXFileReference; lastKnownFileType = sourcecode.c.h; path = ViewController.h; sourceTree = "<group>"; };
		35E640111943F95000576DDF /* ViewController.m */ = {isa = PBXFileReference; lastKnownFileType = sourcecode.c.objc; path = ViewController.m; sourceTree = "<group>"; };
		35E640131943F95000576DDF /* Images.xcassets */ = {isa = PBXFileReference; lastKnownFileType = folder.assetcatalog; path = Images.xcassets; sourceTree = "<group>"; };
		35E640191943F95100576DDF /* CalculatorTests.xctest */ = {isa = PBXFileReference; explicitFileType = wrapper.cfbundle; includeInIndex = 0; path = CalculatorTests.xctest; sourceTree = BUILT_PRODUCTS_DIR; };
		35E6401A1943F95100576DDF /* XCTest.framework */ = {isa = PBXFileReference; lastKnownFileType = wrapper.framework; name = XCTest.framework; path = Library/Frameworks/XCTest.framework; sourceTree = DEVELOPER_DIR; };
		35E640221943F95100576DDF /* CalculatorTests-Info.plist */ = {isa = PBXFileReference; lastKnownFileType = text.plist.xml; path = "CalculatorTests-Info.plist"; sourceTree = "<group>"; };
		35E640241943F95100576DDF /* en */ = {isa = PBXFileReference; lastKnownFileType = text.plist.strings; name = en; path = en.lproj/InfoPlist.strings; sourceTree = "<group>"; };
		35E640261943F95100576DDF /* CalculatorTests.m */ = {isa = PBXFileReference; lastKnownFileType = sourcecode.c.objc; path = CalculatorTests.m; sourceTree = "<group>"; };
		35E6403019440F1E00576DDF /* MenuViewController.h */ = {isa = PBXFileReference; fileEncoding = 4; lastKnownFileType = sourcecode.c.h; path = MenuViewController.h; sourceTree = "<group>"; };
		35E6403119440F1E00576DDF /* MenuViewController.m */ = {isa = PBXFileReference; fileEncoding = 4; lastKnownFileType = sourcecode.c.objc; path = MenuViewController.m; sourceTree = "<group>"; };
/* End PBXFileReference section */

/* Begin PBXFrameworksBuildPhase section */
		35E63FF51943F94F00576DDF /* Frameworks */ = {
			isa = PBXFrameworksBuildPhase;
			buildActionMask = 2147483647;
			files = (
				35E63FFE1943F95000576DDF /* CoreGraphics.framework in Frameworks */,
				35E640001943F95000576DDF /* UIKit.framework in Frameworks */,
				35E63FFC1943F95000576DDF /* Foundation.framework in Frameworks */,
			);
			runOnlyForDeploymentPostprocessing = 0;
		};
		35E640161943F95100576DDF /* Frameworks */ = {
			isa = PBXFrameworksBuildPhase;
			buildActionMask = 2147483647;
			files = (
				35E6401B1943F95100576DDF /* XCTest.framework in Frameworks */,
				35E6401D1943F95100576DDF /* UIKit.framework in Frameworks */,
				35E6401C1943F95100576DDF /* Foundation.framework in Frameworks */,
			);
			runOnlyForDeploymentPostprocessing = 0;
		};
/* End PBXFrameworksBuildPhase section */

/* Begin PBXGroup section */
		35E63FEF1943F94F00576DDF = {
			isa = PBXGroup;
			children = (
				35E640011943F95000576DDF /* Calculator */,
				35E640201943F95100576DDF /* CalculatorTests */,
				35E63FFA1943F95000576DDF /* Frameworks */,
				35E63FF91943F95000576DDF /* Products */,
			);
			sourceTree = "<group>";
		};
		35E63FF91943F95000576DDF /* Products */ = {
			isa = PBXGroup;
			children = (
				35E63FF81943F95000576DDF /* Calculator.app */,
				35E640191943F95100576DDF /* CalculatorTests.xctest */,
			);
			name = Products;
			sourceTree = "<group>";
		};
		35E63FFA1943F95000576DDF /* Frameworks */ = {
			isa = PBXGroup;
			children = (
				35E63FFB1943F95000576DDF /* Foundation.framework */,
				35E63FFD1943F95000576DDF /* CoreGraphics.framework */,
				35E63FFF1943F95000576DDF /* UIKit.framework */,
				35E6401A1943F95100576DDF /* XCTest.framework */,
			);
			name = Frameworks;
			sourceTree = "<group>";
		};
		35E640011943F95000576DDF /* Calculator */ = {
			isa = PBXGroup;
			children = (
				35E260F1194424F200B04DB1 /* Sections-of-Website-About-icon.png */,
				35E260EF1944248100B04DB1 /* Wwalczyszyn-Android-Style-Honeycomb-Calculator.ico */,
				35E6400A1943F95000576DDF /* AppDelegate.h */,
				35E6400B1943F95000576DDF /* AppDelegate.m */,
				35E6400D1943F95000576DDF /* Main.storyboard */,
				35E640101943F95000576DDF /* ViewController.h */,
				35E640111943F95000576DDF /* ViewController.m */,
				35E640131943F95000576DDF /* Images.xcassets */,
				35E640021943F95000576DDF /* Supporting Files */,
				35E6403019440F1E00576DDF /* MenuViewController.h */,
				35E6403119440F1E00576DDF /* MenuViewController.m */,
			);
			path = Calculator;
			sourceTree = "<group>";
		};
		35E640021943F95000576DDF /* Supporting Files */ = {
			isa = PBXGroup;
			children = (
				35E640031943F95000576DDF /* Calculator-Info.plist */,
				35E640041943F95000576DDF /* InfoPlist.strings */,
				35E640071943F95000576DDF /* main.m */,
				35E640091943F95000576DDF /* Calculator-Prefix.pch */,
			);
			name = "Supporting Files";
			sourceTree = "<group>";
		};
		35E640201943F95100576DDF /* CalculatorTests */ = {
			isa = PBXGroup;
			children = (
				35E640261943F95100576DDF /* CalculatorTests.m */,
				35E640211943F95100576DDF /* Supporting Files */,
			);
			path = CalculatorTests;
			sourceTree = "<group>";
		};
		35E640211943F95100576DDF /* Supporting Files */ = {
			isa = PBXGroup;
			children = (
				35E640221943F95100576DDF /* CalculatorTests-Info.plist */,
				35E640231943F95100576DDF /* InfoPlist.strings */,
			);
			name = "Supporting Files";
			sourceTree = "<group>";
		};
/* End PBXGroup section */

/* Begin PBXNativeTarget section */
		35E63FF71943F94F00576DDF /* Calculator */ = {
			isa = PBXNativeTarget;
			buildConfigurationList = 35E6402A1943F95100576DDF /* Build configuration list for PBXNativeTarget "Calculator" */;
			buildPhases = (
				35E63FF41943F94F00576DDF /* Sources */,
				35E63FF51943F94F00576DDF /* Frameworks */,
				35E63FF61943F94F00576DDF /* Resources */,
			);
			buildRules = (
			);
			dependencies = (
			);
			name = Calculator;
			productName = Calculator;
			productReference = 35E63FF81943F95000576DDF /* Calculator.app */;
			productType = "com.apple.product-type.application";
		};
		35E640181943F95100576DDF /* CalculatorTests */ = {
			isa = PBXNativeTarget;
			buildConfigurationList = 35E6402D1943F95100576DDF /* Build configuration list for PBXNativeTarget "CalculatorTests" */;
			buildPhases = (
				35E640151943F95100576DDF /* Sources */,
				35E640161943F95100576DDF /* Frameworks */,
				35E640171943F95100576DDF /* Resources */,
			);
			buildRules = (
			);
			dependencies = (
				35E6401F1943F95100576DDF /* PBXTargetDependency */,
			);
			name = CalculatorTests;
			productName = CalculatorTests;
			productReference = 35E640191943F95100576DDF /* CalculatorTests.xctest */;
			productType = "com.apple.product-type.bundle.unit-test";
		};
/* End PBXNativeTarget section */

/* Begin PBXProject section */
		35E63FF01943F94F00576DDF /* Project object */ = {
			isa = PBXProject;
			attributes = {
				LastUpgradeCheck = 0510;
				ORGANIZATIONNAME = coba;
				TargetAttributes = {
					35E640181943F95100576DDF = {
						TestTargetID = 35E63FF71943F94F00576DDF;
					};
				};
			};
			buildConfigurationList = 35E63FF31943F94F00576DDF /* Build configuration list for PBXProject "Calculator" */;
			compatibilityVersion = "Xcode 3.2";
			developmentRegion = English;
			hasScannedForEncodings = 0;
			knownRegions = (
				en,
				Base,
			);
			mainGroup = 35E63FEF1943F94F00576DDF;
			productRefGroup = 35E63FF91943F95000576DDF /* Products */;
			projectDirPath = "";
			projectRoot = "";
			targets = (
				35E63FF71943F94F00576DDF /* Calculator */,
				35E640181943F95100576DDF /* CalculatorTests */,
			);
		};
/* End PBXProject section */

/* Begin PBXResourcesBuildPhase section */
		35E63FF61943F94F00576DDF /* Resources */ = {
			isa = PBXResourcesBuildPhase;
			buildActionMask = 2147483647;
			files = (
				35E260F01944248100B04DB1 /* Wwalczyszyn-Android-Style-Honeycomb-Calculator.ico in Resources */,
				35E640141943F95000576DDF /* Images.xcassets in Resources */,
				35E640061943F95000576DDF /* InfoPlist.strings in Resources */,
				35E6400F1943F95000576DDF /* Main.storyboard in Resources */,
				35E260F2194424F200B04DB1 /* Sections-of-Website-About-icon.png in Resources */,
			);
			runOnlyForDeploymentPostprocessing = 0;
		};
		35E640171943F95100576DDF /* Resources */ = {
			isa = PBXResourcesBuildPhase;
			buildActionMask = 2147483647;
			files = (
				35E640251943F95100576DDF /* InfoPlist.strings in Resources */,
			);
			runOnlyForDeploymentPostprocessing = 0;
		};
/* End PBXResourcesBuildPhase section */

/* Begin PBXSourcesBuildPhase section */
		35E63FF41943F94F00576DDF /* Sources */ = {
			isa = PBXSourcesBuildPhase;
			buildActionMask = 2147483647;
			files = (
				35E640121943F95000576DDF /* ViewController.m in Sources */,
				35E6400C1943F95000576DDF /* AppDelegate.m in Sources */,
				35E640081943F95000576DDF /* main.m in Sources */,
				35E6403219440F1E00576DDF /* MenuViewController.m in Sources */,
			);
			runOnlyForDeploymentPostprocessing = 0;
		};
		35E640151943F95100576DDF /* Sources */ = {
			isa = PBXSourcesBuildPhase;
			buildActionMask = 2147483647;
			files = (
				35E640271943F95100576DDF /* CalculatorTests.m in Sources */,
			);
			runOnlyForDeploymentPostprocessing = 0;
		};
/* End PBXSourcesBuildPhase section */

/* Begin PBXTargetDependency section */
		35E6401F1943F95100576DDF /* PBXTargetDependency */ = {
			isa = PBXTargetDependency;
			target = 35E63FF71943F94F00576DDF /* Calculator */;
			targetProxy = 35E6401E1943F95100576DDF /* PBXContainerItemProxy */;
		};
/* End PBXTargetDependency section */

/* Begin PBXVariantGroup section */
		35E640041943F95000576DDF /* InfoPlist.strings */ = {
			isa = PBXVariantGroup;
			children = (
				35E640051943F95000576DDF /* en */,
			);
			name = InfoPlist.strings;
			sourceTree = "<group>";
		};
		35E6400D1943F95000576DDF /* Main.storyboard */ = {
			isa = PBXVariantGroup;
			children = (
				35E6400E1943F95000576DDF /* Base */,
			);
			name = Main.storyboard;
			sourceTree = "<group>";
		};
		35E640231943F95100576DDF /* InfoPlist.strings */ = {
			isa = PBXVariantGroup;
			children = (
				35E640241943F95100576DDF /* en */,
			);
			name = InfoPlist.strings;
			sourceTree = "<group>";
		};
/* End PBXVariantGroup section */

/* Begin XCBuildConfiguration section */
		35E640281943F95100576DDF /* Debug */ = {
			isa = XCBuildConfiguration;
			buildSettings = {
				ALWAYS_SEARCH_USER_PATHS = NO;
				CLANG_CXX_LANGUAGE_STANDARD = "gnu++0x";
				CLANG_CXX_LIBRARY = "libc++";
				CLANG_ENABLE_MODULES = YES;
				CLANG_ENABLE_OBJC_ARC = YES;
				CLANG_WARN_BOOL_CONVERSION = YES;
				CLANG_WARN_CONSTANT_CONVERSION = YES;
				CLANG_WARN_DIRECT_OBJC_ISA_USAGE = YES_ERROR;
				CLANG_WARN_EMPTY_BODY = YES;
				CLANG_WARN_ENUM_CONVERSION = YES;
				CLANG_WARN_INT_CONVERSION = YES;
				CLANG_WARN_OBJC_ROOT_CLASS = YES_ERROR;
				CLANG_WARN__DUPLICATE_METHOD_MATCH = YES;
				"CODE_SIGN_IDENTITY[sdk=iphoneos*]" = "iPhone Developer";
				COPY_PHASE_STRIP = NO;
				GCC_C_LANGUAGE_STANDARD = gnu99;
				GCC_DYNAMIC_NO_PIC = NO;
				GCC_OPTIMIZATION_LEVEL = 0;
				GCC_PREPROCESSOR_DEFINITIONS = (
					"DEBUG=1",
					"$(inherited)",
				);
				GCC_SYMBOLS_PRIVATE_EXTERN = NO;
				GCC_WARN_64_TO_32_BIT_CONVERSION = YES;
				GCC_WARN_ABOUT_RETURN_TYPE = YES_ERROR;
				GCC_WARN_UNDECLARED_SELECTOR = YES;
				GCC_WARN_UNINITIALIZED_AUTOS = YES_AGGRESSIVE;
				GCC_WARN_UNUSED_FUNCTION = YES;
				GCC_WARN_UNUSED_VARIABLE = YES;
				IPHONEOS_DEPLOYMENT_TARGET = 7.1;
				ONLY_ACTIVE_ARCH = YES;
				SDKROOT = iphoneos;
			};
			name = Debug;
		};
		35E640291943F95100576DDF /* Release */ = {
			isa = XCBuildConfiguration;
			buildSettings = {
				ALWAYS_SEARCH_USER_PATHS = NO;
				CLANG_CXX_LANGUAGE_STANDARD = "gnu++0x";
				CLANG_CXX_LIBRARY = "libc++";
				CLANG_ENABLE_MODULES = YES;
				CLANG_ENABLE_OBJC_ARC = YES;
				CLANG_WARN_BOOL_CONVERSION = YES;
				CLANG_WARN_CONSTANT_CONVERSION = YES;
				CLANG_WARN_DIRECT_OBJC_ISA_USAGE = YES_ERROR;
				CLANG_WARN_EMPTY_BODY = YES;
				CLANG_WARN_ENUM_CONVERSION = YES;
				CLANG_WARN_INT_CONVERSION = YES;
				CLANG_WARN_OBJC_ROOT_CLASS = YES_ERROR;
				CLANG_WARN__DUPLICATE_METHOD_MATCH = YES;
				"CODE_SIGN_IDENTITY[sdk=iphoneos*]" = "iPhone Developer";
				COPY_PHASE_STRIP = YES;
				ENABLE_NS_ASSERTIONS = NO;
				GCC_C_LANGUAGE_STANDARD = gnu99;
				GCC_WARN_64_TO_32_BIT_CONVERSION = YES;
				GCC_WARN_ABOUT_RETURN_TYPE = YES_ERROR;
				GCC_WARN_UNDECLARED_SELECTOR = YES;
				GCC_WARN_UNINITIALIZED_AUTOS = YES_AGGRESSIVE;
				GCC_WARN_UNUSED_FUNCTION = YES;
				GCC_WARN_UNUSED_VARIABLE = YES;
				IPHONEOS_DEPLOYMENT_TARGET = 7.1;
				SDKROOT = iphoneos;
				VALIDATE_PRODUCT = YES;
			};
			name = Release;
		};
		35E6402B1943F95100576DDF /* Debug */ = {
			isa = XCBuildConfiguration;
			buildSettings = {
				ASSETCATALOG_COMPILER_APPICON_NAME = AppIcon;
				ASSETCATALOG_COMPILER_LAUNCHIMAGE_NAME = LaunchImage;
				GCC_PRECOMPILE_PREFIX_HEADER = YES;
				GCC_PREFIX_HEADER = "Calculator/Calculator-Prefix.pch";
				INFOPLIST_FILE = "Calculator/Calculator-Info.plist";
				PRODUCT_NAME = "$(TARGET_NAME)";
				WRAPPER_EXTENSION = app;
			};
			name = Debug;
		};
		35E6402C1943F95100576DDF /* Release */ = {
			isa = XCBuildConfiguration;
			buildSettings = {
				ASSETCATALOG_COMPILER_APPICON_NAME = AppIcon;
				ASSETCATALOG_COMPILER_LAUNCHIMAGE_NAME = LaunchImage;
				GCC_PRECOMPILE_PREFIX_HEADER = YES;
				GCC_PREFIX_HEADER = "Calculator/Calculator-Prefix.pch";
				INFOPLIST_FILE = "Calculator/Calculator-Info.plist";
				PRODUCT_NAME = "$(TARGET_NAME)";
				WRAPPER_EXTENSION = app;
			};
			name = Release;
		};
		35E6402E1943F95100576DDF /* Debug */ = {
			isa = XCBuildConfiguration;
			buildSettings = {
				BUNDLE_LOADER = "$(BUILT_PRODUCTS_DIR)/Calculator.app/Calculator";
				FRAMEWORK_SEARCH_PATHS = (
					"$(SDKROOT)/Developer/Library/Frameworks",
					"$(inherited)",
					"$(DEVELOPER_FRAMEWORKS_DIR)",
				);
				GCC_PRECOMPILE_PREFIX_HEADER = YES;
				GCC_PREFIX_HEADER = "Calculator/Calculator-Prefix.pch";
				GCC_PREPROCESSOR_DEFINITIONS = (
					"DEBUG=1",
					"$(inherited)",
				);
				INFOPLIST_FILE = "CalculatorTests/CalculatorTests-Info.plist";
				PRODUCT_NAME = "$(TARGET_NAME)";
				TEST_HOST = "$(BUNDLE_LOADER)";
				WRAPPER_EXTENSION = xctest;
			};
			name = Debug;
		};
		35E6402F1943F95100576DDF /* Release */ = {
			isa = XCBuildConfiguration;
			buildSettings = {
				BUNDLE_LOADER = "$(BUILT_PRODUCTS_DIR)/Calculator.app/Calculator";
				FRAMEWORK_SEARCH_PATHS = (
					"$(SDKROOT)/Developer/Library/Frameworks",
					"$(inherited)",
					"$(DEVELOPER_FRAMEWORKS_DIR)",
				);
				GCC_PRECOMPILE_PREFIX_HEADER = YES;
				GCC_PREFIX_HEADER = "Calculator/Calculator-Prefix.pch";
				INFOPLIST_FILE = "CalculatorTests/CalculatorTests-Info.plist";
				PRODUCT_NAME = "$(TARGET_NAME)";
				TEST_HOST = "$(BUNDLE_LOADER)";
				WRAPPER_EXTENSION = xctest;
			};
			name = Release;
		};
/* End XCBuildConfiguration section */

/* Begin XCConfigurationList section */
		35E63FF31943F94F00576DDF /* Build configuration list for PBXProject "Calculator" */ = {
			isa = XCConfigurationList;
			buildConfigurations = (
				35E640281943F95100576DDF /* Debug */,
				35E640291943F95100576DDF /* Release */,
			);
			defaultConfigurationIsVisible = 0;
			defaultConfigurationName = Release;
		};
		35E6402A1943F95100576DDF /* Build configuration list for PBXNativeTarget "Calculator" */ = {
			isa = XCConfigurationList;
			buildConfigurations = (
				35E6402B1943F95100576DDF /* Debug */,
				35E6402C1943F95100576DDF /* Release */,
			);
			defaultConfigurationIsVisible = 0;
			defaultConfigurationName = Release;
		};
		35E6402D1943F95100576DDF /* Build configuration list for PBXNativeTarget "CalculatorTests" */ = {
			isa = XCConfigurationList;
			buildConfigurations = (
				35E6402E1943F95100576DDF /* Debug */,
				35E6402F1943F95100576DDF /* Release */,
			);
			defaultConfigurationIsVisible = 0;
			defaultConfigurationName = Release;
		};
/* End XCConfigurationList section */
	};
	rootObject = 35E63FF01943F94F00576DDF /* Project object */;
}
